// !$*UTF8*$!
{
	archiveVersion = 1;
	classes = {
	};
	objectVersion = 52;
	objects = {

/* Begin PBXBuildFile section */
		90045E15256496A100E99A02 /* MandelbrotConstants.swift in Sources */ = {isa = PBXBuildFile; fileRef = 90045E14256496A100E99A02 /* MandelbrotConstants.swift */; };
		90045E16256496A100E99A02 /* MandelbrotConstants.swift in Sources */ = {isa = PBXBuildFile; fileRef = 90045E14256496A100E99A02 /* MandelbrotConstants.swift */; };
		900FB59A248705B500695AD4 /* Renderer.swift in Sources */ = {isa = PBXBuildFile; fileRef = 900FB599248705B500695AD4 /* Renderer.swift */; };
		900FB59C2487065000695AD4 /* Shaders.metal in Sources */ = {isa = PBXBuildFile; fileRef = 900FB59B2487065000695AD4 /* Shaders.metal */; };
		901CD3F5248074D8005F1F9C /* PixelData.swift in Sources */ = {isa = PBXBuildFile; fileRef = 901CD3F4248074D8005F1F9C /* PixelData.swift */; };
		9027F817253E56CE00F4EBB3 /* Parula256.swift in Sources */ = {isa = PBXBuildFile; fileRef = 9027F816253E56CE00F4EBB3 /* Parula256.swift */; };
		9027F820253E597C00F4EBB3 /* Parula256.swift in Sources */ = {isa = PBXBuildFile; fileRef = 9027F816253E56CE00F4EBB3 /* Parula256.swift */; };
		902B7FA924982AD20082B8F6 /* MandelbrotViewDelegate.swift in Sources */ = {isa = PBXBuildFile; fileRef = 902B7FA824982AD20082B8F6 /* MandelbrotViewDelegate.swift */; };
		9031FD492481D011006CCB38 /* MandelbrotDisplay.swift in Sources */ = {isa = PBXBuildFile; fileRef = 9031FD482481D011006CCB38 /* MandelbrotDisplay.swift */; };
		903DD7B1254F322D00288FA5 /* ColorMapFactory.swift in Sources */ = {isa = PBXBuildFile; fileRef = 903DD7B0254F322D00288FA5 /* ColorMapFactory.swift */; };
		903DD7B2254F322D00288FA5 /* ColorMapFactory.swift in Sources */ = {isa = PBXBuildFile; fileRef = 903DD7B0254F322D00288FA5 /* ColorMapFactory.swift */; };
		903DD7B8254F324A00288FA5 /* MandelbrotExplorerColorMap.swift in Sources */ = {isa = PBXBuildFile; fileRef = 903DD7B7254F324A00288FA5 /* MandelbrotExplorerColorMap.swift */; };
		903DD7B9254F324A00288FA5 /* MandelbrotExplorerColorMap.swift in Sources */ = {isa = PBXBuildFile; fileRef = 903DD7B7254F324A00288FA5 /* MandelbrotExplorerColorMap.swift */; };
		903DD7BF254F32B300288FA5 /* ColorMapFromSingleColor.swift in Sources */ = {isa = PBXBuildFile; fileRef = 903DD7BE254F32B300288FA5 /* ColorMapFromSingleColor.swift */; };
		903DD7C0254F32B300288FA5 /* ColorMapFromSingleColor.swift in Sources */ = {isa = PBXBuildFile; fileRef = 903DD7BE254F32B300288FA5 /* ColorMapFromSingleColor.swift */; };
		903DD7C6254F360800288FA5 /* MandelbrotExplorerColors.swift in Sources */ = {isa = PBXBuildFile; fileRef = 903DD7C5254F360800288FA5 /* MandelbrotExplorerColors.swift */; };
		903DD7C7254F360800288FA5 /* MandelbrotExplorerColors.swift in Sources */ = {isa = PBXBuildFile; fileRef = 903DD7C5254F360800288FA5 /* MandelbrotExplorerColors.swift */; };
		903E91D6254E174B00659377 /* ColorMap.swift in Sources */ = {isa = PBXBuildFile; fileRef = 903E91D5254E174B00659377 /* ColorMap.swift */; };
		903E91D7254E174B00659377 /* ColorMap.swift in Sources */ = {isa = PBXBuildFile; fileRef = 903E91D5254E174B00659377 /* ColorMap.swift */; };
		903E91E2254E218700659377 /* MandelbrotExplorerColorMapTests.swift in Sources */ = {isa = PBXBuildFile; fileRef = 903E91E1254E218700659377 /* MandelbrotExplorerColorMapTests.swift */; };
		9042D2F3255CA3BD0002CEE0 /* MaxIter.swift in Sources */ = {isa = PBXBuildFile; fileRef = 9042D2F2255CA3BD0002CEE0 /* MaxIter.swift */; };
		9042D2F4255CA3BD0002CEE0 /* MaxIter.swift in Sources */ = {isa = PBXBuildFile; fileRef = 9042D2F2255CA3BD0002CEE0 /* MaxIter.swift */; };
		90481D8724AFA7E300DDACF9 /* MandelbrotSetFactory.swift in Sources */ = {isa = PBXBuildFile; fileRef = 90481D8624AFA7E300DDACF9 /* MandelbrotSetFactory.swift */; };
		90481D8D24AFBA8E00DDACF9 /* README.md in Resources */ = {isa = PBXBuildFile; fileRef = 90481D8C24AFBA8E00DDACF9 /* README.md */; };
		905C80D3252D2C94003B5954 /* MandelbrotViewDelegate.swift in Sources */ = {isa = PBXBuildFile; fileRef = 902B7FA824982AD20082B8F6 /* MandelbrotViewDelegate.swift */; };
		905DA904247C16A300B9DA71 /* AppDelegate.swift in Sources */ = {isa = PBXBuildFile; fileRef = 905DA903247C16A300B9DA71 /* AppDelegate.swift */; };
		905DA906247C16A300B9DA71 /* ViewController.swift in Sources */ = {isa = PBXBuildFile; fileRef = 905DA905247C16A300B9DA71 /* ViewController.swift */; };
		905DA908247C16A500B9DA71 /* Assets.xcassets in Resources */ = {isa = PBXBuildFile; fileRef = 905DA907247C16A500B9DA71 /* Assets.xcassets */; };
		905DA90B247C16A500B9DA71 /* Main.storyboard in Resources */ = {isa = PBXBuildFile; fileRef = 905DA909247C16A500B9DA71 /* Main.storyboard */; };
		905DA917247C16A500B9DA71 /* MandelbrotExplorerTests.swift in Sources */ = {isa = PBXBuildFile; fileRef = 905DA916247C16A500B9DA71 /* MandelbrotExplorerTests.swift */; };
		905DA922247C16A500B9DA71 /* MandelbrotExplorerUITests.swift in Sources */ = {isa = PBXBuildFile; fileRef = 905DA921247C16A500B9DA71 /* MandelbrotExplorerUITests.swift */; };
		905DA930247C16D800B9DA71 /* MandelbrotSet.swift in Sources */ = {isa = PBXBuildFile; fileRef = 905DA92F247C16D800B9DA71 /* MandelbrotSet.swift */; };
		906DAE5B247C4C1200A1A47F /* ZoomedMandelbrotView.swift in Sources */ = {isa = PBXBuildFile; fileRef = 906DAE5A247C4C1200A1A47F /* ZoomedMandelbrotView.swift */; };
		906DAE5D247C4C3400A1A47F /* ComplexRect.swift in Sources */ = {isa = PBXBuildFile; fileRef = 906DAE5C247C4C3400A1A47F /* ComplexRect.swift */; };
		9080799B254CDAEA006B461A /* Jet.swift in Sources */ = {isa = PBXBuildFile; fileRef = 9080799A254CDAEA006B461A /* Jet.swift */; };
		9080799C254CDAEA006B461A /* Jet.swift in Sources */ = {isa = PBXBuildFile; fileRef = 9080799A254CDAEA006B461A /* Jet.swift */; };
		908079A6254CDC80006B461A /* HSV.swift in Sources */ = {isa = PBXBuildFile; fileRef = 908079A5254CDC80006B461A /* HSV.swift */; };
		908079A7254CDC80006B461A /* HSV.swift in Sources */ = {isa = PBXBuildFile; fileRef = 908079A5254CDC80006B461A /* HSV.swift */; };
		908079AD254CDC8A006B461A /* Hot.swift in Sources */ = {isa = PBXBuildFile; fileRef = 908079AC254CDC8A006B461A /* Hot.swift */; };
		908079AE254CDC8A006B461A /* Hot.swift in Sources */ = {isa = PBXBuildFile; fileRef = 908079AC254CDC8A006B461A /* Hot.swift */; };
		908079B4254CDC96006B461A /* Cool.swift in Sources */ = {isa = PBXBuildFile; fileRef = 908079B3254CDC96006B461A /* Cool.swift */; };
		908079B5254CDC96006B461A /* Cool.swift in Sources */ = {isa = PBXBuildFile; fileRef = 908079B3254CDC96006B461A /* Cool.swift */; };
		908079BB254CDCA1006B461A /* Spring.swift in Sources */ = {isa = PBXBuildFile; fileRef = 908079BA254CDCA1006B461A /* Spring.swift */; };
		908079BC254CDCA1006B461A /* Spring.swift in Sources */ = {isa = PBXBuildFile; fileRef = 908079BA254CDCA1006B461A /* Spring.swift */; };
		908079C2254CDCAD006B461A /* Summer.swift in Sources */ = {isa = PBXBuildFile; fileRef = 908079C1254CDCAD006B461A /* Summer.swift */; };
		908079C3254CDCAD006B461A /* Summer.swift in Sources */ = {isa = PBXBuildFile; fileRef = 908079C1254CDCAD006B461A /* Summer.swift */; };
		908079C9254CDCBF006B461A /* Autumn.swift in Sources */ = {isa = PBXBuildFile; fileRef = 908079C8254CDCBF006B461A /* Autumn.swift */; };
		908079CA254CDCBF006B461A /* Autumn.swift in Sources */ = {isa = PBXBuildFile; fileRef = 908079C8254CDCBF006B461A /* Autumn.swift */; };
		908079D0254CDCC8006B461A /* Winter.swift in Sources */ = {isa = PBXBuildFile; fileRef = 908079CF254CDCC8006B461A /* Winter.swift */; };
		908079D1254CDCC8006B461A /* Winter.swift in Sources */ = {isa = PBXBuildFile; fileRef = 908079CF254CDCC8006B461A /* Winter.swift */; };
		9082CCF828BD4A5E00B7C70B /* ShareView.swift in Sources */ = {isa = PBXBuildFile; fileRef = 9082CCF728BD4A5E00B7C70B /* ShareView.swift */; };
		90898F42252BDC050084ACB4 /* ComplexRect.swift in Sources */ = {isa = PBXBuildFile; fileRef = 906DAE5C247C4C3400A1A47F /* ComplexRect.swift */; };
		90898F48252BDD2D0084ACB4 /* MandelbrotDisplayIPad.swift in Sources */ = {isa = PBXBuildFile; fileRef = 90898F47252BDD2D0084ACB4 /* MandelbrotDisplayIPad.swift */; };
		90898F4D252BDD380084ACB4 /* MandelbrotID.swift in Sources */ = {isa = PBXBuildFile; fileRef = 90E9D36024A90F5900FCB3A4 /* MandelbrotID.swift */; };
		90898F5D252BDEAF0084ACB4 /* MandelbrotSetCPU.swift in Sources */ = {isa = PBXBuildFile; fileRef = 90BDEAB72496521700733DFC /* MandelbrotSetCPU.swift */; };
		90898F62252BDF2E0084ACB4 /* MandelbrotSet.swift in Sources */ = {isa = PBXBuildFile; fileRef = 905DA92F247C16D800B9DA71 /* MandelbrotSet.swift */; };
		90898F69252BE55C0084ACB4 /* ComplexModule in Frameworks */ = {isa = PBXBuildFile; productRef = 90898F68252BE55C0084ACB4 /* ComplexModule */; };
		90898F70252BE56C0084ACB4 /* ComplexModule in Frameworks */ = {isa = PBXBuildFile; productRef = 90898F6F252BE56C0084ACB4 /* ComplexModule */; };
		9089E4B228C01577000A921B /* MandelbrotSetGeneratingDevice.swift in Sources */ = {isa = PBXBuildFile; fileRef = 9089E4B128C01577000A921B /* MandelbrotSetGeneratingDevice.swift */; };
		9089E4B328C01577000A921B /* MandelbrotSetGeneratingDevice.swift in Sources */ = {isa = PBXBuildFile; fileRef = 9089E4B128C01577000A921B /* MandelbrotSetGeneratingDevice.swift */; };
		908BFCD228B19AF800E8E6C0 /* ZoomedMandelbrotView.swift in Sources */ = {isa = PBXBuildFile; fileRef = 908BFCD128B19AF800E8E6C0 /* ZoomedMandelbrotView.swift */; };
		908C0B2228BBFF2A004A8BDF /* Persistence in Frameworks */ = {isa = PBXBuildFile; productRef = 908C0B2128BBFF2A004A8BDF /* Persistence */; };
		908C0B2428BBFF7A004A8BDF /* Persistence in Frameworks */ = {isa = PBXBuildFile; productRef = 908C0B2328BBFF7A004A8BDF /* Persistence */; };
		908C0B2628BC22D4004A8BDF /* ShareActivityView.swift in Sources */ = {isa = PBXBuildFile; fileRef = 908C0B2528BC22D4004A8BDF /* ShareActivityView.swift */; };
		908C7BC7252A74D2003D803B /* AppDelegateIPad.swift in Sources */ = {isa = PBXBuildFile; fileRef = 908C7BC6252A74D2003D803B /* AppDelegateIPad.swift */; };
		908C7BD1252A74D2003D803B /* MandelbrotExplorer_iPad.xcdatamodeld in Sources */ = {isa = PBXBuildFile; fileRef = 908C7BCF252A74D2003D803B /* MandelbrotExplorer_iPad.xcdatamodeld */; };
		908C7BD3252A74D4003D803B /* Assets.xcassets in Resources */ = {isa = PBXBuildFile; fileRef = 908C7BD2252A74D4003D803B /* Assets.xcassets */; };
		908D79A628A8580000445DFC /* MandelbrotExplorerApp.swift in Sources */ = {isa = PBXBuildFile; fileRef = 908D79A528A8580000445DFC /* MandelbrotExplorerApp.swift */; };
		908D79A828A85E9500445DFC /* ContentView.swift in Sources */ = {isa = PBXBuildFile; fileRef = 908D79A728A85E9500445DFC /* ContentView.swift */; };
		908D79AB28A85EEC00445DFC /* MandelbrotDetailView.swift in Sources */ = {isa = PBXBuildFile; fileRef = 908D79AA28A85EEC00445DFC /* MandelbrotDetailView.swift */; };
		908D79AD28A860DA00445DFC /* MandelbrotListView.swift in Sources */ = {isa = PBXBuildFile; fileRef = 908D79AC28A860DA00445DFC /* MandelbrotListView.swift */; };
		90925DCC28B2A73B00B5A771 /* MandelbrotExplorerViewModel.swift in Sources */ = {isa = PBXBuildFile; fileRef = 90925DCB28B2A73B00B5A771 /* MandelbrotExplorerViewModel.swift */; };
		90A5BCB328BACE5C0007F3F4 /* MandelbrotInfoView.swift in Sources */ = {isa = PBXBuildFile; fileRef = 90A5BCB228BACE5C0007F3F4 /* MandelbrotInfoView.swift */; };
		90AA8A7528AD84DD00CBDDE9 /* MandelbrotExplorerView.swift in Sources */ = {isa = PBXBuildFile; fileRef = 90AA8A7428AD84DD00CBDDE9 /* MandelbrotExplorerView.swift */; };
		90AA8A7728AD9E1100CBDDE9 /* MandelbrotView.swift in Sources */ = {isa = PBXBuildFile; fileRef = 90AA8A7628AD9E1100CBDDE9 /* MandelbrotView.swift */; };
		90AF89FB254248DF008A5472 /* ColorConverter.swift in Sources */ = {isa = PBXBuildFile; fileRef = 90AF89FA254248DF008A5472 /* ColorConverter.swift */; };
		90AF89FC254248DF008A5472 /* ColorConverter.swift in Sources */ = {isa = PBXBuildFile; fileRef = 90AF89FA254248DF008A5472 /* ColorConverter.swift */; };
		90B944462485C1A7005BDC10 /* MandelbrotView.swift in Sources */ = {isa = PBXBuildFile; fileRef = 90B944452485C1A7005BDC10 /* MandelbrotView.swift */; };
		90BDEAB82496521700733DFC /* MandelbrotSetCPU.swift in Sources */ = {isa = PBXBuildFile; fileRef = 90BDEAB72496521700733DFC /* MandelbrotSetCPU.swift */; };
		90BDEABA249664BA00733DFC /* MandelbrotSetGPU.swift in Sources */ = {isa = PBXBuildFile; fileRef = 90BDEAB9249664BA00733DFC /* MandelbrotSetGPU.swift */; };
		90C0934C252FC82600FA9A7B /* MandelbrotImageGenerator.swift in Sources */ = {isa = PBXBuildFile; fileRef = 90C0934B252FC82600FA9A7B /* MandelbrotImageGenerator.swift */; };
		90C0934D252FC82600FA9A7B /* MandelbrotImageGenerator.swift in Sources */ = {isa = PBXBuildFile; fileRef = 90C0934B252FC82600FA9A7B /* MandelbrotImageGenerator.swift */; };
		90C68D96252E8DF1005EF916 /* Shaders.metal in Sources */ = {isa = PBXBuildFile; fileRef = 900FB59B2487065000695AD4 /* Shaders.metal */; };
		90CA906A2548DBED001EA6F5 /* MandelbrotEntity+Extension.swift in Sources */ = {isa = PBXBuildFile; fileRef = 90CA90692548DBED001EA6F5 /* MandelbrotEntity+Extension.swift */; };
		90E9D36124A90F5900FCB3A4 /* MandelbrotID.swift in Sources */ = {isa = PBXBuildFile; fileRef = 90E9D36024A90F5900FCB3A4 /* MandelbrotID.swift */; };
		90FB74C6252E8A63005B0F83 /* MandelbrotSetGPU.swift in Sources */ = {isa = PBXBuildFile; fileRef = 90BDEAB9249664BA00733DFC /* MandelbrotSetGPU.swift */; };
		90FB74CB252E8A66005B0F83 /* MandelbrotSetFactory.swift in Sources */ = {isa = PBXBuildFile; fileRef = 90481D8624AFA7E300DDACF9 /* MandelbrotSetFactory.swift */; };
/* End PBXBuildFile section */

/* Begin PBXContainerItemProxy section */
		905DA913247C16A500B9DA71 /* PBXContainerItemProxy */ = {
			isa = PBXContainerItemProxy;
			containerPortal = 905DA8F8247C16A300B9DA71 /* Project object */;
			proxyType = 1;
			remoteGlobalIDString = 905DA8FF247C16A300B9DA71;
			remoteInfo = MandelbrotExplorer;
		};
		905DA91E247C16A500B9DA71 /* PBXContainerItemProxy */ = {
			isa = PBXContainerItemProxy;
			containerPortal = 905DA8F8247C16A300B9DA71 /* Project object */;
			proxyType = 1;
			remoteGlobalIDString = 905DA8FF247C16A300B9DA71;
			remoteInfo = MandelbrotExplorer;
		};
/* End PBXContainerItemProxy section */

/* Begin PBXFileReference section */
		90045E14256496A100E99A02 /* MandelbrotConstants.swift */ = {isa = PBXFileReference; lastKnownFileType = sourcecode.swift; path = MandelbrotConstants.swift; sourceTree = "<group>"; };
		900FB599248705B500695AD4 /* Renderer.swift */ = {isa = PBXFileReference; lastKnownFileType = sourcecode.swift; path = Renderer.swift; sourceTree = "<group>"; };
		900FB59B2487065000695AD4 /* Shaders.metal */ = {isa = PBXFileReference; lastKnownFileType = sourcecode.metal; path = Shaders.metal; sourceTree = "<group>"; };
		901CD3F4248074D8005F1F9C /* PixelData.swift */ = {isa = PBXFileReference; lastKnownFileType = sourcecode.swift; path = PixelData.swift; sourceTree = "<group>"; };
		9027F816253E56CE00F4EBB3 /* Parula256.swift */ = {isa = PBXFileReference; lastKnownFileType = sourcecode.swift; path = Parula256.swift; sourceTree = "<group>"; };
		902B7FA824982AD20082B8F6 /* MandelbrotViewDelegate.swift */ = {isa = PBXFileReference; lastKnownFileType = sourcecode.swift; path = MandelbrotViewDelegate.swift; sourceTree = "<group>"; };
		9031FD482481D011006CCB38 /* MandelbrotDisplay.swift */ = {isa = PBXFileReference; lastKnownFileType = sourcecode.swift; path = MandelbrotDisplay.swift; sourceTree = "<group>"; };
		903DD7B0254F322D00288FA5 /* ColorMapFactory.swift */ = {isa = PBXFileReference; lastKnownFileType = sourcecode.swift; path = ColorMapFactory.swift; sourceTree = "<group>"; };
		903DD7B7254F324A00288FA5 /* MandelbrotExplorerColorMap.swift */ = {isa = PBXFileReference; lastKnownFileType = sourcecode.swift; path = MandelbrotExplorerColorMap.swift; sourceTree = "<group>"; };
		903DD7BE254F32B300288FA5 /* ColorMapFromSingleColor.swift */ = {isa = PBXFileReference; lastKnownFileType = sourcecode.swift; path = ColorMapFromSingleColor.swift; sourceTree = "<group>"; };
		903DD7C5254F360800288FA5 /* MandelbrotExplorerColors.swift */ = {isa = PBXFileReference; lastKnownFileType = sourcecode.swift; path = MandelbrotExplorerColors.swift; sourceTree = "<group>"; };
		903E91D5254E174B00659377 /* ColorMap.swift */ = {isa = PBXFileReference; lastKnownFileType = sourcecode.swift; path = ColorMap.swift; sourceTree = "<group>"; };
		903E91E1254E218700659377 /* MandelbrotExplorerColorMapTests.swift */ = {isa = PBXFileReference; lastKnownFileType = sourcecode.swift; path = MandelbrotExplorerColorMapTests.swift; sourceTree = "<group>"; };
		9042D2F2255CA3BD0002CEE0 /* MaxIter.swift */ = {isa = PBXFileReference; lastKnownFileType = sourcecode.swift; path = MaxIter.swift; sourceTree = "<group>"; };
		90481D8624AFA7E300DDACF9 /* MandelbrotSetFactory.swift */ = {isa = PBXFileReference; lastKnownFileType = sourcecode.swift; path = MandelbrotSetFactory.swift; sourceTree = "<group>"; };
		90481D8C24AFBA8E00DDACF9 /* README.md */ = {isa = PBXFileReference; fileEncoding = 4; lastKnownFileType = net.daringfireball.markdown; path = README.md; sourceTree = "<group>"; };
		905DA900247C16A300B9DA71 /* MandelbrotExplorer.app */ = {isa = PBXFileReference; explicitFileType = wrapper.application; includeInIndex = 0; path = MandelbrotExplorer.app; sourceTree = BUILT_PRODUCTS_DIR; };
		905DA903247C16A300B9DA71 /* AppDelegate.swift */ = {isa = PBXFileReference; lastKnownFileType = sourcecode.swift; path = AppDelegate.swift; sourceTree = "<group>"; };
		905DA905247C16A300B9DA71 /* ViewController.swift */ = {isa = PBXFileReference; lastKnownFileType = sourcecode.swift; path = ViewController.swift; sourceTree = "<group>"; };
		905DA907247C16A500B9DA71 /* Assets.xcassets */ = {isa = PBXFileReference; lastKnownFileType = folder.assetcatalog; path = Assets.xcassets; sourceTree = "<group>"; };
		905DA90A247C16A500B9DA71 /* Base */ = {isa = PBXFileReference; lastKnownFileType = file.storyboard; name = Base; path = Base.lproj/Main.storyboard; sourceTree = "<group>"; };
		905DA90C247C16A500B9DA71 /* Info.plist */ = {isa = PBXFileReference; lastKnownFileType = text.plist.xml; path = Info.plist; sourceTree = "<group>"; };
		905DA90D247C16A500B9DA71 /* MandelbrotExplorer.entitlements */ = {isa = PBXFileReference; lastKnownFileType = text.plist.entitlements; path = MandelbrotExplorer.entitlements; sourceTree = "<group>"; };
		905DA912247C16A500B9DA71 /* MandelbrotExplorerTests.xctest */ = {isa = PBXFileReference; explicitFileType = wrapper.cfbundle; includeInIndex = 0; path = MandelbrotExplorerTests.xctest; sourceTree = BUILT_PRODUCTS_DIR; };
		905DA916247C16A500B9DA71 /* MandelbrotExplorerTests.swift */ = {isa = PBXFileReference; lastKnownFileType = sourcecode.swift; path = MandelbrotExplorerTests.swift; sourceTree = "<group>"; };
		905DA918247C16A500B9DA71 /* Info.plist */ = {isa = PBXFileReference; lastKnownFileType = text.plist.xml; path = Info.plist; sourceTree = "<group>"; };
		905DA91D247C16A500B9DA71 /* MandelbrotExplorerUITests.xctest */ = {isa = PBXFileReference; explicitFileType = wrapper.cfbundle; includeInIndex = 0; path = MandelbrotExplorerUITests.xctest; sourceTree = BUILT_PRODUCTS_DIR; };
		905DA921247C16A500B9DA71 /* MandelbrotExplorerUITests.swift */ = {isa = PBXFileReference; lastKnownFileType = sourcecode.swift; path = MandelbrotExplorerUITests.swift; sourceTree = "<group>"; };
		905DA923247C16A500B9DA71 /* Info.plist */ = {isa = PBXFileReference; lastKnownFileType = text.plist.xml; path = Info.plist; sourceTree = "<group>"; };
		905DA92F247C16D800B9DA71 /* MandelbrotSet.swift */ = {isa = PBXFileReference; lastKnownFileType = sourcecode.swift; path = MandelbrotSet.swift; sourceTree = "<group>"; };
		906DAE5A247C4C1200A1A47F /* ZoomedMandelbrotView.swift */ = {isa = PBXFileReference; lastKnownFileType = sourcecode.swift; path = ZoomedMandelbrotView.swift; sourceTree = "<group>"; };
		906DAE5C247C4C3400A1A47F /* ComplexRect.swift */ = {isa = PBXFileReference; lastKnownFileType = sourcecode.swift; path = ComplexRect.swift; sourceTree = "<group>"; };
		9080799A254CDAEA006B461A /* Jet.swift */ = {isa = PBXFileReference; lastKnownFileType = sourcecode.swift; path = Jet.swift; sourceTree = "<group>"; };
		908079A5254CDC80006B461A /* HSV.swift */ = {isa = PBXFileReference; lastKnownFileType = sourcecode.swift; path = HSV.swift; sourceTree = "<group>"; };
		908079AC254CDC8A006B461A /* Hot.swift */ = {isa = PBXFileReference; lastKnownFileType = sourcecode.swift; path = Hot.swift; sourceTree = "<group>"; };
		908079B3254CDC96006B461A /* Cool.swift */ = {isa = PBXFileReference; lastKnownFileType = sourcecode.swift; path = Cool.swift; sourceTree = "<group>"; };
		908079BA254CDCA1006B461A /* Spring.swift */ = {isa = PBXFileReference; lastKnownFileType = sourcecode.swift; path = Spring.swift; sourceTree = "<group>"; };
		908079C1254CDCAD006B461A /* Summer.swift */ = {isa = PBXFileReference; lastKnownFileType = sourcecode.swift; path = Summer.swift; sourceTree = "<group>"; };
		908079C8254CDCBF006B461A /* Autumn.swift */ = {isa = PBXFileReference; lastKnownFileType = sourcecode.swift; path = Autumn.swift; sourceTree = "<group>"; };
		908079CF254CDCC8006B461A /* Winter.swift */ = {isa = PBXFileReference; lastKnownFileType = sourcecode.swift; path = Winter.swift; sourceTree = "<group>"; };
		9082CCF728BD4A5E00B7C70B /* ShareView.swift */ = {isa = PBXFileReference; lastKnownFileType = sourcecode.swift; path = ShareView.swift; sourceTree = "<group>"; };
		90898F47252BDD2D0084ACB4 /* MandelbrotDisplayIPad.swift */ = {isa = PBXFileReference; lastKnownFileType = sourcecode.swift; path = MandelbrotDisplayIPad.swift; sourceTree = "<group>"; };
		9089E4B128C01577000A921B /* MandelbrotSetGeneratingDevice.swift */ = {isa = PBXFileReference; lastKnownFileType = sourcecode.swift; path = MandelbrotSetGeneratingDevice.swift; sourceTree = "<group>"; };
		908BFCD128B19AF800E8E6C0 /* ZoomedMandelbrotView.swift */ = {isa = PBXFileReference; lastKnownFileType = sourcecode.swift; path = ZoomedMandelbrotView.swift; sourceTree = "<group>"; };
		908C0B2528BC22D4004A8BDF /* ShareActivityView.swift */ = {isa = PBXFileReference; fileEncoding = 4; lastKnownFileType = sourcecode.swift; path = ShareActivityView.swift; sourceTree = "<group>"; };
		908C7BC4252A74D2003D803B /* MandelbrotExplorer iPad.app */ = {isa = PBXFileReference; explicitFileType = wrapper.application; includeInIndex = 0; path = "MandelbrotExplorer iPad.app"; sourceTree = BUILT_PRODUCTS_DIR; };
		908C7BC6252A74D2003D803B /* AppDelegateIPad.swift */ = {isa = PBXFileReference; lastKnownFileType = sourcecode.swift; path = AppDelegateIPad.swift; sourceTree = "<group>"; };
		908C7BD0252A74D2003D803B /* MandelbrotExplorer_iPad.xcdatamodel */ = {isa = PBXFileReference; lastKnownFileType = wrapper.xcdatamodel; path = MandelbrotExplorer_iPad.xcdatamodel; sourceTree = "<group>"; };
		908C7BD2252A74D4003D803B /* Assets.xcassets */ = {isa = PBXFileReference; lastKnownFileType = folder.assetcatalog; path = Assets.xcassets; sourceTree = "<group>"; };
		908C7BD7252A74D4003D803B /* Info.plist */ = {isa = PBXFileReference; lastKnownFileType = text.plist.xml; path = Info.plist; sourceTree = "<group>"; };
		908D79A228A8565F00445DFC /* MandelbrotExplorer iPad.entitlements */ = {isa = PBXFileReference; lastKnownFileType = text.plist.entitlements; path = "MandelbrotExplorer iPad.entitlements"; sourceTree = "<group>"; };
		908D79A528A8580000445DFC /* MandelbrotExplorerApp.swift */ = {isa = PBXFileReference; lastKnownFileType = sourcecode.swift; path = MandelbrotExplorerApp.swift; sourceTree = "<group>"; };
		908D79A728A85E9500445DFC /* ContentView.swift */ = {isa = PBXFileReference; lastKnownFileType = sourcecode.swift; path = ContentView.swift; sourceTree = "<group>"; };
		908D79AA28A85EEC00445DFC /* MandelbrotDetailView.swift */ = {isa = PBXFileReference; lastKnownFileType = sourcecode.swift; path = MandelbrotDetailView.swift; sourceTree = "<group>"; };
		908D79AC28A860DA00445DFC /* MandelbrotListView.swift */ = {isa = PBXFileReference; lastKnownFileType = sourcecode.swift; path = MandelbrotListView.swift; sourceTree = "<group>"; };
		90925DCB28B2A73B00B5A771 /* MandelbrotExplorerViewModel.swift */ = {isa = PBXFileReference; lastKnownFileType = sourcecode.swift; path = MandelbrotExplorerViewModel.swift; sourceTree = "<group>"; };
		90A5BCB228BACE5C0007F3F4 /* MandelbrotInfoView.swift */ = {isa = PBXFileReference; lastKnownFileType = sourcecode.swift; path = MandelbrotInfoView.swift; sourceTree = "<group>"; };
		90AA8A7428AD84DD00CBDDE9 /* MandelbrotExplorerView.swift */ = {isa = PBXFileReference; lastKnownFileType = sourcecode.swift; path = MandelbrotExplorerView.swift; sourceTree = "<group>"; };
		90AA8A7628AD9E1100CBDDE9 /* MandelbrotView.swift */ = {isa = PBXFileReference; lastKnownFileType = sourcecode.swift; path = MandelbrotView.swift; sourceTree = "<group>"; };
		90AF89FA254248DF008A5472 /* ColorConverter.swift */ = {isa = PBXFileReference; lastKnownFileType = sourcecode.swift; path = ColorConverter.swift; sourceTree = "<group>"; };
		90B944452485C1A7005BDC10 /* MandelbrotView.swift */ = {isa = PBXFileReference; lastKnownFileType = sourcecode.swift; path = MandelbrotView.swift; sourceTree = "<group>"; };
		90BDEAB72496521700733DFC /* MandelbrotSetCPU.swift */ = {isa = PBXFileReference; lastKnownFileType = sourcecode.swift; path = MandelbrotSetCPU.swift; sourceTree = "<group>"; };
		90BDEAB9249664BA00733DFC /* MandelbrotSetGPU.swift */ = {isa = PBXFileReference; lastKnownFileType = sourcecode.swift; path = MandelbrotSetGPU.swift; sourceTree = "<group>"; };
		90C0934B252FC82600FA9A7B /* MandelbrotImageGenerator.swift */ = {isa = PBXFileReference; lastKnownFileType = sourcecode.swift; path = MandelbrotImageGenerator.swift; sourceTree = "<group>"; };
		90CA90692548DBED001EA6F5 /* MandelbrotEntity+Extension.swift */ = {isa = PBXFileReference; lastKnownFileType = sourcecode.swift; path = "MandelbrotEntity+Extension.swift"; sourceTree = "<group>"; };
		90E9D36024A90F5900FCB3A4 /* MandelbrotID.swift */ = {isa = PBXFileReference; lastKnownFileType = sourcecode.swift; path = MandelbrotID.swift; sourceTree = "<group>"; };
/* End PBXFileReference section */

/* Begin PBXFrameworksBuildPhase section */
		905DA8FD247C16A300B9DA71 /* Frameworks */ = {
			isa = PBXFrameworksBuildPhase;
			buildActionMask = 2147483647;
			files = (
				908C0B2228BBFF2A004A8BDF /* Persistence in Frameworks */,
				90898F69252BE55C0084ACB4 /* ComplexModule in Frameworks */,
			);
			runOnlyForDeploymentPostprocessing = 0;
		};
		905DA90F247C16A500B9DA71 /* Frameworks */ = {
			isa = PBXFrameworksBuildPhase;
			buildActionMask = 2147483647;
			files = (
			);
			runOnlyForDeploymentPostprocessing = 0;
		};
		905DA91A247C16A500B9DA71 /* Frameworks */ = {
			isa = PBXFrameworksBuildPhase;
			buildActionMask = 2147483647;
			files = (
			);
			runOnlyForDeploymentPostprocessing = 0;
		};
		908C7BC1252A74D2003D803B /* Frameworks */ = {
			isa = PBXFrameworksBuildPhase;
			buildActionMask = 2147483647;
			files = (
				908C0B2428BBFF7A004A8BDF /* Persistence in Frameworks */,
				90898F70252BE56C0084ACB4 /* ComplexModule in Frameworks */,
			);
			runOnlyForDeploymentPostprocessing = 0;
		};
/* End PBXFrameworksBuildPhase section */

/* Begin PBXGroup section */
		9027F815253E56AF00F4EBB3 /* ColorMaps */ = {
			isa = PBXGroup;
			children = (
				9027F816253E56CE00F4EBB3 /* Parula256.swift */,
				90AF89FA254248DF008A5472 /* ColorConverter.swift */,
				9080799A254CDAEA006B461A /* Jet.swift */,
				908079A5254CDC80006B461A /* HSV.swift */,
				908079AC254CDC8A006B461A /* Hot.swift */,
				908079B3254CDC96006B461A /* Cool.swift */,
				908079BA254CDCA1006B461A /* Spring.swift */,
				908079C1254CDCAD006B461A /* Summer.swift */,
				908079C8254CDCBF006B461A /* Autumn.swift */,
				908079CF254CDCC8006B461A /* Winter.swift */,
				903E91D5254E174B00659377 /* ColorMap.swift */,
				903DD7B0254F322D00288FA5 /* ColorMapFactory.swift */,
				903DD7B7254F324A00288FA5 /* MandelbrotExplorerColorMap.swift */,
				903DD7BE254F32B300288FA5 /* ColorMapFromSingleColor.swift */,
				903DD7C5254F360800288FA5 /* MandelbrotExplorerColors.swift */,
			);
			path = ColorMaps;
			sourceTree = "<group>";
		};
		90481D8824AFB8FF00DDACF9 /* Views */ = {
			isa = PBXGroup;
			children = (
				90B944452485C1A7005BDC10 /* MandelbrotView.swift */,
				906DAE5A247C4C1200A1A47F /* ZoomedMandelbrotView.swift */,
			);
			path = Views;
			sourceTree = "<group>";
		};
		90481D8924AFB91500DDACF9 /* MandelbrotSet */ = {
			isa = PBXGroup;
			children = (
				905DA92F247C16D800B9DA71 /* MandelbrotSet.swift */,
				906DAE5C247C4C3400A1A47F /* ComplexRect.swift */,
				90481D8624AFA7E300DDACF9 /* MandelbrotSetFactory.swift */,
				90BDEAB72496521700733DFC /* MandelbrotSetCPU.swift */,
				90BDEAB9249664BA00733DFC /* MandelbrotSetGPU.swift */,
				900FB59B2487065000695AD4 /* Shaders.metal */,
				9042D2F2255CA3BD0002CEE0 /* MaxIter.swift */,
				90045E14256496A100E99A02 /* MandelbrotConstants.swift */,
				9089E4B128C01577000A921B /* MandelbrotSetGeneratingDevice.swift */,
			);
			path = MandelbrotSet;
			sourceTree = "<group>";
		};
		90481D8A24AFB93A00DDACF9 /* Deprecated */ = {
			isa = PBXGroup;
			children = (
				901CD3F4248074D8005F1F9C /* PixelData.swift */,
				900FB599248705B500695AD4 /* Renderer.swift */,
			);
			path = Deprecated;
			sourceTree = "<group>";
		};
		90481D8B24AFB96D00DDACF9 /* MandelbrotDisplay */ = {
			isa = PBXGroup;
			children = (
				90E9D36024A90F5900FCB3A4 /* MandelbrotID.swift */,
				9031FD482481D011006CCB38 /* MandelbrotDisplay.swift */,
			);
			path = MandelbrotDisplay;
			sourceTree = "<group>";
		};
		905DA8F7247C16A300B9DA71 = {
			isa = PBXGroup;
			children = (
				90481D8C24AFBA8E00DDACF9 /* README.md */,
				905DA902247C16A300B9DA71 /* MandelbrotExplorer */,
				905DA915247C16A500B9DA71 /* MandelbrotExplorerTests */,
				905DA920247C16A500B9DA71 /* MandelbrotExplorerUITests */,
				908C7B44252A69FA003D803B /* MandelbrotExplorer Shared */,
				908C7BC5252A74D2003D803B /* MandelbrotExplorer iPad */,
				905DA901247C16A300B9DA71 /* Products */,
				90898F6E252BE56C0084ACB4 /* Frameworks */,
			);
			sourceTree = "<group>";
		};
		905DA901247C16A300B9DA71 /* Products */ = {
			isa = PBXGroup;
			children = (
				905DA900247C16A300B9DA71 /* MandelbrotExplorer.app */,
				905DA912247C16A500B9DA71 /* MandelbrotExplorerTests.xctest */,
				905DA91D247C16A500B9DA71 /* MandelbrotExplorerUITests.xctest */,
				908C7BC4252A74D2003D803B /* MandelbrotExplorer iPad.app */,
			);
			name = Products;
			sourceTree = "<group>";
		};
		905DA902247C16A300B9DA71 /* MandelbrotExplorer */ = {
			isa = PBXGroup;
			children = (
				90481D8B24AFB96D00DDACF9 /* MandelbrotDisplay */,
				90481D8A24AFB93A00DDACF9 /* Deprecated */,
				90481D8824AFB8FF00DDACF9 /* Views */,
				905DA903247C16A300B9DA71 /* AppDelegate.swift */,
				905DA905247C16A300B9DA71 /* ViewController.swift */,
				905DA907247C16A500B9DA71 /* Assets.xcassets */,
				905DA909247C16A500B9DA71 /* Main.storyboard */,
				905DA90C247C16A500B9DA71 /* Info.plist */,
				905DA90D247C16A500B9DA71 /* MandelbrotExplorer.entitlements */,
			);
			path = MandelbrotExplorer;
			sourceTree = "<group>";
		};
		905DA915247C16A500B9DA71 /* MandelbrotExplorerTests */ = {
			isa = PBXGroup;
			children = (
				905DA916247C16A500B9DA71 /* MandelbrotExplorerTests.swift */,
				905DA918247C16A500B9DA71 /* Info.plist */,
				903E91E1254E218700659377 /* MandelbrotExplorerColorMapTests.swift */,
			);
			path = MandelbrotExplorerTests;
			sourceTree = "<group>";
		};
		905DA920247C16A500B9DA71 /* MandelbrotExplorerUITests */ = {
			isa = PBXGroup;
			children = (
				905DA921247C16A500B9DA71 /* MandelbrotExplorerUITests.swift */,
				905DA923247C16A500B9DA71 /* Info.plist */,
			);
			path = MandelbrotExplorerUITests;
			sourceTree = "<group>";
		};
		90898F6E252BE56C0084ACB4 /* Frameworks */ = {
			isa = PBXGroup;
			children = (
			);
			name = Frameworks;
			sourceTree = "<group>";
		};
		908C7B44252A69FA003D803B /* MandelbrotExplorer Shared */ = {
			isa = PBXGroup;
			children = (
				9027F815253E56AF00F4EBB3 /* ColorMaps */,
				902B7FA824982AD20082B8F6 /* MandelbrotViewDelegate.swift */,
				90481D8924AFB91500DDACF9 /* MandelbrotSet */,
				90C0934B252FC82600FA9A7B /* MandelbrotImageGenerator.swift */,
			);
			path = "MandelbrotExplorer Shared";
			sourceTree = "<group>";
		};
		908C7BC5252A74D2003D803B /* MandelbrotExplorer iPad */ = {
			isa = PBXGroup;
			children = (
				908D79A928A85EB800445DFC /* SwiftUIView */,
				908D79A228A8565F00445DFC /* MandelbrotExplorer iPad.entitlements */,
				908D79A528A8580000445DFC /* MandelbrotExplorerApp.swift */,
				908D79A728A85E9500445DFC /* ContentView.swift */,
				90925DCB28B2A73B00B5A771 /* MandelbrotExplorerViewModel.swift */,
				908C7BC6252A74D2003D803B /* AppDelegateIPad.swift */,
				908C7BD2252A74D4003D803B /* Assets.xcassets */,
				908C7BD7252A74D4003D803B /* Info.plist */,
				908C7BCF252A74D2003D803B /* MandelbrotExplorer_iPad.xcdatamodeld */,
				90898F47252BDD2D0084ACB4 /* MandelbrotDisplayIPad.swift */,
				90CA90692548DBED001EA6F5 /* MandelbrotEntity+Extension.swift */,
			);
			path = "MandelbrotExplorer iPad";
			sourceTree = "<group>";
		};
		908D79A928A85EB800445DFC /* SwiftUIView */ = {
			isa = PBXGroup;
			children = (
				908D79AA28A85EEC00445DFC /* MandelbrotDetailView.swift */,
				90A5BCB228BACE5C0007F3F4 /* MandelbrotInfoView.swift */,
				908D79AC28A860DA00445DFC /* MandelbrotListView.swift */,
				90AA8A7428AD84DD00CBDDE9 /* MandelbrotExplorerView.swift */,
				90AA8A7628AD9E1100CBDDE9 /* MandelbrotView.swift */,
				908BFCD128B19AF800E8E6C0 /* ZoomedMandelbrotView.swift */,
				908C0B2528BC22D4004A8BDF /* ShareActivityView.swift */,
				9082CCF728BD4A5E00B7C70B /* ShareView.swift */,
			);
			path = SwiftUIView;
			sourceTree = "<group>";
		};
/* End PBXGroup section */

/* Begin PBXNativeTarget section */
		905DA8FF247C16A300B9DA71 /* MandelbrotExplorer */ = {
			isa = PBXNativeTarget;
			buildConfigurationList = 905DA926247C16A500B9DA71 /* Build configuration list for PBXNativeTarget "MandelbrotExplorer" */;
			buildPhases = (
				905DA8FC247C16A300B9DA71 /* Sources */,
				905DA8FD247C16A300B9DA71 /* Frameworks */,
				905DA8FE247C16A300B9DA71 /* Resources */,
			);
			buildRules = (
			);
			dependencies = (
			);
			name = MandelbrotExplorer;
			packageProductDependencies = (
				90898F68252BE55C0084ACB4 /* ComplexModule */,
				908C0B2128BBFF2A004A8BDF /* Persistence */,
			);
			productName = MandelbrotExplorer;
			productReference = 905DA900247C16A300B9DA71 /* MandelbrotExplorer.app */;
			productType = "com.apple.product-type.application";
		};
		905DA911247C16A500B9DA71 /* MandelbrotExplorerTests */ = {
			isa = PBXNativeTarget;
			buildConfigurationList = 905DA929247C16A500B9DA71 /* Build configuration list for PBXNativeTarget "MandelbrotExplorerTests" */;
			buildPhases = (
				905DA90E247C16A500B9DA71 /* Sources */,
				905DA90F247C16A500B9DA71 /* Frameworks */,
				905DA910247C16A500B9DA71 /* Resources */,
			);
			buildRules = (
			);
			dependencies = (
				905DA914247C16A500B9DA71 /* PBXTargetDependency */,
			);
			name = MandelbrotExplorerTests;
			productName = MandelbrotExplorerTests;
			productReference = 905DA912247C16A500B9DA71 /* MandelbrotExplorerTests.xctest */;
			productType = "com.apple.product-type.bundle.unit-test";
		};
		905DA91C247C16A500B9DA71 /* MandelbrotExplorerUITests */ = {
			isa = PBXNativeTarget;
			buildConfigurationList = 905DA92C247C16A500B9DA71 /* Build configuration list for PBXNativeTarget "MandelbrotExplorerUITests" */;
			buildPhases = (
				905DA919247C16A500B9DA71 /* Sources */,
				905DA91A247C16A500B9DA71 /* Frameworks */,
				905DA91B247C16A500B9DA71 /* Resources */,
			);
			buildRules = (
			);
			dependencies = (
				905DA91F247C16A500B9DA71 /* PBXTargetDependency */,
			);
			name = MandelbrotExplorerUITests;
			productName = MandelbrotExplorerUITests;
			productReference = 905DA91D247C16A500B9DA71 /* MandelbrotExplorerUITests.xctest */;
			productType = "com.apple.product-type.bundle.ui-testing";
		};
		908C7BC3252A74D2003D803B /* MandelbrotExplorer iPad */ = {
			isa = PBXNativeTarget;
			buildConfigurationList = 908C7BD8252A74D4003D803B /* Build configuration list for PBXNativeTarget "MandelbrotExplorer iPad" */;
			buildPhases = (
				908C7BC0252A74D2003D803B /* Sources */,
				908C7BC1252A74D2003D803B /* Frameworks */,
				908C7BC2252A74D2003D803B /* Resources */,
			);
			buildRules = (
			);
			dependencies = (
			);
			name = "MandelbrotExplorer iPad";
			packageProductDependencies = (
				90898F6F252BE56C0084ACB4 /* ComplexModule */,
				908C0B2328BBFF7A004A8BDF /* Persistence */,
			);
			productName = "MandelbrotExplorer iPad";
			productReference = 908C7BC4252A74D2003D803B /* MandelbrotExplorer iPad.app */;
			productType = "com.apple.product-type.application";
		};
/* End PBXNativeTarget section */

/* Begin PBXProject section */
		905DA8F8247C16A300B9DA71 /* Project object */ = {
			isa = PBXProject;
			attributes = {
				LastSwiftUpdateCheck = 1200;
				LastUpgradeCheck = 1200;
				ORGANIZATIONNAME = "Jae Seung Lee";
				TargetAttributes = {
					905DA8FF247C16A300B9DA71 = {
						CreatedOnToolsVersion = 11.5;
					};
					905DA911247C16A500B9DA71 = {
						CreatedOnToolsVersion = 11.5;
						TestTargetID = 905DA8FF247C16A300B9DA71;
					};
					905DA91C247C16A500B9DA71 = {
						CreatedOnToolsVersion = 11.5;
						TestTargetID = 905DA8FF247C16A300B9DA71;
					};
					908C7BC3252A74D2003D803B = {
						CreatedOnToolsVersion = 12.0.1;
					};
				};
			};
			buildConfigurationList = 905DA8FB247C16A300B9DA71 /* Build configuration list for PBXProject "MandelbrotExplorer" */;
			compatibilityVersion = "Xcode 9.3";
			developmentRegion = en;
			hasScannedForEncodings = 0;
			knownRegions = (
				en,
				Base,
			);
			mainGroup = 905DA8F7247C16A300B9DA71;
			packageReferences = (
				90898F67252BE55C0084ACB4 /* XCRemoteSwiftPackageReference "swift-numerics" */,
				909217AF255845100058596D /* XCRemoteSwiftPackageReference "Swifter" */,
				908C0B2028BBFF2A004A8BDF /* XCRemoteSwiftPackageReference "PersistenceSwift" */,
			);
			productRefGroup = 905DA901247C16A300B9DA71 /* Products */;
			projectDirPath = "";
			projectRoot = "";
			targets = (
				905DA8FF247C16A300B9DA71 /* MandelbrotExplorer */,
				905DA911247C16A500B9DA71 /* MandelbrotExplorerTests */,
				905DA91C247C16A500B9DA71 /* MandelbrotExplorerUITests */,
				908C7BC3252A74D2003D803B /* MandelbrotExplorer iPad */,
			);
		};
/* End PBXProject section */

/* Begin PBXResourcesBuildPhase section */
		905DA8FE247C16A300B9DA71 /* Resources */ = {
			isa = PBXResourcesBuildPhase;
			buildActionMask = 2147483647;
			files = (
				90481D8D24AFBA8E00DDACF9 /* README.md in Resources */,
				905DA908247C16A500B9DA71 /* Assets.xcassets in Resources */,
				905DA90B247C16A500B9DA71 /* Main.storyboard in Resources */,
			);
			runOnlyForDeploymentPostprocessing = 0;
		};
		905DA910247C16A500B9DA71 /* Resources */ = {
			isa = PBXResourcesBuildPhase;
			buildActionMask = 2147483647;
			files = (
			);
			runOnlyForDeploymentPostprocessing = 0;
		};
		905DA91B247C16A500B9DA71 /* Resources */ = {
			isa = PBXResourcesBuildPhase;
			buildActionMask = 2147483647;
			files = (
			);
			runOnlyForDeploymentPostprocessing = 0;
		};
		908C7BC2252A74D2003D803B /* Resources */ = {
			isa = PBXResourcesBuildPhase;
			buildActionMask = 2147483647;
			files = (
				908C7BD3252A74D4003D803B /* Assets.xcassets in Resources */,
			);
			runOnlyForDeploymentPostprocessing = 0;
		};
/* End PBXResourcesBuildPhase section */

/* Begin PBXSourcesBuildPhase section */
		905DA8FC247C16A300B9DA71 /* Sources */ = {
			isa = PBXSourcesBuildPhase;
			buildActionMask = 2147483647;
			files = (
				9031FD492481D011006CCB38 /* MandelbrotDisplay.swift in Sources */,
				908079C9254CDCBF006B461A /* Autumn.swift in Sources */,
				90481D8724AFA7E300DDACF9 /* MandelbrotSetFactory.swift in Sources */,
				908079BB254CDCA1006B461A /* Spring.swift in Sources */,
				903DD7C6254F360800288FA5 /* MandelbrotExplorerColors.swift in Sources */,
				905DA906247C16A300B9DA71 /* ViewController.swift in Sources */,
				90E9D36124A90F5900FCB3A4 /* MandelbrotID.swift in Sources */,
				903E91D6254E174B00659377 /* ColorMap.swift in Sources */,
				9027F817253E56CE00F4EBB3 /* Parula256.swift in Sources */,
				908079AD254CDC8A006B461A /* Hot.swift in Sources */,
				90BDEABA249664BA00733DFC /* MandelbrotSetGPU.swift in Sources */,
				905DA904247C16A300B9DA71 /* AppDelegate.swift in Sources */,
				906DAE5B247C4C1200A1A47F /* ZoomedMandelbrotView.swift in Sources */,
				903DD7BF254F32B300288FA5 /* ColorMapFromSingleColor.swift in Sources */,
				905DA930247C16D800B9DA71 /* MandelbrotSet.swift in Sources */,
				903DD7B8254F324A00288FA5 /* MandelbrotExplorerColorMap.swift in Sources */,
				908079A6254CDC80006B461A /* HSV.swift in Sources */,
				90BDEAB82496521700733DFC /* MandelbrotSetCPU.swift in Sources */,
				90C0934C252FC82600FA9A7B /* MandelbrotImageGenerator.swift in Sources */,
				901CD3F5248074D8005F1F9C /* PixelData.swift in Sources */,
				90045E15256496A100E99A02 /* MandelbrotConstants.swift in Sources */,
				906DAE5D247C4C3400A1A47F /* ComplexRect.swift in Sources */,
				9089E4B228C01577000A921B /* MandelbrotSetGeneratingDevice.swift in Sources */,
				908079C2254CDCAD006B461A /* Summer.swift in Sources */,
				9042D2F3255CA3BD0002CEE0 /* MaxIter.swift in Sources */,
				908079D0254CDCC8006B461A /* Winter.swift in Sources */,
				900FB59C2487065000695AD4 /* Shaders.metal in Sources */,
				902B7FA924982AD20082B8F6 /* MandelbrotViewDelegate.swift in Sources */,
				90AF89FB254248DF008A5472 /* ColorConverter.swift in Sources */,
				900FB59A248705B500695AD4 /* Renderer.swift in Sources */,
				90B944462485C1A7005BDC10 /* MandelbrotView.swift in Sources */,
				903DD7B1254F322D00288FA5 /* ColorMapFactory.swift in Sources */,
				9080799B254CDAEA006B461A /* Jet.swift in Sources */,
				908079B4254CDC96006B461A /* Cool.swift in Sources */,
			);
			runOnlyForDeploymentPostprocessing = 0;
		};
		905DA90E247C16A500B9DA71 /* Sources */ = {
			isa = PBXSourcesBuildPhase;
			buildActionMask = 2147483647;
			files = (
				905DA917247C16A500B9DA71 /* MandelbrotExplorerTests.swift in Sources */,
				903E91E2254E218700659377 /* MandelbrotExplorerColorMapTests.swift in Sources */,
			);
			runOnlyForDeploymentPostprocessing = 0;
		};
		905DA919247C16A500B9DA71 /* Sources */ = {
			isa = PBXSourcesBuildPhase;
			buildActionMask = 2147483647;
			files = (
				905DA922247C16A500B9DA71 /* MandelbrotExplorerUITests.swift in Sources */,
			);
			runOnlyForDeploymentPostprocessing = 0;
		};
		908C7BC0252A74D2003D803B /* Sources */ = {
			isa = PBXSourcesBuildPhase;
			buildActionMask = 2147483647;
			files = (
				9042D2F4255CA3BD0002CEE0 /* MaxIter.swift in Sources */,
				90898F48252BDD2D0084ACB4 /* MandelbrotDisplayIPad.swift in Sources */,
				90AA8A7528AD84DD00CBDDE9 /* MandelbrotExplorerView.swift in Sources */,
				908C7BC7252A74D2003D803B /* AppDelegateIPad.swift in Sources */,
				90898F4D252BDD380084ACB4 /* MandelbrotID.swift in Sources */,
				903DD7B2254F322D00288FA5 /* ColorMapFactory.swift in Sources */,
				903DD7C7254F360800288FA5 /* MandelbrotExplorerColors.swift in Sources */,
				90045E16256496A100E99A02 /* MandelbrotConstants.swift in Sources */,
				908079AE254CDC8A006B461A /* Hot.swift in Sources */,
				908C0B2628BC22D4004A8BDF /* ShareActivityView.swift in Sources */,
				908079B5254CDC96006B461A /* Cool.swift in Sources */,
				908079CA254CDCBF006B461A /* Autumn.swift in Sources */,
				9080799C254CDAEA006B461A /* Jet.swift in Sources */,
				90FB74C6252E8A63005B0F83 /* MandelbrotSetGPU.swift in Sources */,
				908D79AD28A860DA00445DFC /* MandelbrotListView.swift in Sources */,
				90898F5D252BDEAF0084ACB4 /* MandelbrotSetCPU.swift in Sources */,
				908079C3254CDCAD006B461A /* Summer.swift in Sources */,
				905C80D3252D2C94003B5954 /* MandelbrotViewDelegate.swift in Sources */,
				90C68D96252E8DF1005EF916 /* Shaders.metal in Sources */,
				90C0934D252FC82600FA9A7B /* MandelbrotImageGenerator.swift in Sources */,
				903DD7C0254F32B300288FA5 /* ColorMapFromSingleColor.swift in Sources */,
				908D79A828A85E9500445DFC /* ContentView.swift in Sources */,
				90FB74CB252E8A66005B0F83 /* MandelbrotSetFactory.swift in Sources */,
				908C7BD1252A74D2003D803B /* MandelbrotExplorer_iPad.xcdatamodeld in Sources */,
				908079BC254CDCA1006B461A /* Spring.swift in Sources */,
				90898F42252BDC050084ACB4 /* ComplexRect.swift in Sources */,
				9027F820253E597C00F4EBB3 /* Parula256.swift in Sources */,
				903DD7B9254F324A00288FA5 /* MandelbrotExplorerColorMap.swift in Sources */,
				9089E4B328C01577000A921B /* MandelbrotSetGeneratingDevice.swift in Sources */,
				908D79A628A8580000445DFC /* MandelbrotExplorerApp.swift in Sources */,
				908BFCD228B19AF800E8E6C0 /* ZoomedMandelbrotView.swift in Sources */,
				90AF89FC254248DF008A5472 /* ColorConverter.swift in Sources */,
				90A5BCB328BACE5C0007F3F4 /* MandelbrotInfoView.swift in Sources */,
				90925DCC28B2A73B00B5A771 /* MandelbrotExplorerViewModel.swift in Sources */,
				908079A7254CDC80006B461A /* HSV.swift in Sources */,
				908D79AB28A85EEC00445DFC /* MandelbrotDetailView.swift in Sources */,
				90CA906A2548DBED001EA6F5 /* MandelbrotEntity+Extension.swift in Sources */,
				908079D1254CDCC8006B461A /* Winter.swift in Sources */,
				90AA8A7728AD9E1100CBDDE9 /* MandelbrotView.swift in Sources */,
				90898F62252BDF2E0084ACB4 /* MandelbrotSet.swift in Sources */,
				903E91D7254E174B00659377 /* ColorMap.swift in Sources */,
				9082CCF828BD4A5E00B7C70B /* ShareView.swift in Sources */,
			);
			runOnlyForDeploymentPostprocessing = 0;
		};
/* End PBXSourcesBuildPhase section */

/* Begin PBXTargetDependency section */
		905DA914247C16A500B9DA71 /* PBXTargetDependency */ = {
			isa = PBXTargetDependency;
			target = 905DA8FF247C16A300B9DA71 /* MandelbrotExplorer */;
			targetProxy = 905DA913247C16A500B9DA71 /* PBXContainerItemProxy */;
		};
		905DA91F247C16A500B9DA71 /* PBXTargetDependency */ = {
			isa = PBXTargetDependency;
			target = 905DA8FF247C16A300B9DA71 /* MandelbrotExplorer */;
			targetProxy = 905DA91E247C16A500B9DA71 /* PBXContainerItemProxy */;
		};
/* End PBXTargetDependency section */

/* Begin PBXVariantGroup section */
		905DA909247C16A500B9DA71 /* Main.storyboard */ = {
			isa = PBXVariantGroup;
			children = (
				905DA90A247C16A500B9DA71 /* Base */,
			);
			name = Main.storyboard;
			sourceTree = "<group>";
		};
/* End PBXVariantGroup section */

/* Begin XCBuildConfiguration section */
		905DA924247C16A500B9DA71 /* Debug */ = {
			isa = XCBuildConfiguration;
			buildSettings = {
				ALWAYS_SEARCH_USER_PATHS = NO;
				CLANG_ANALYZER_NONNULL = YES;
				CLANG_ANALYZER_NUMBER_OBJECT_CONVERSION = YES_AGGRESSIVE;
				CLANG_CXX_LANGUAGE_STANDARD = "gnu++14";
				CLANG_CXX_LIBRARY = "libc++";
				CLANG_ENABLE_MODULES = YES;
				CLANG_ENABLE_OBJC_ARC = YES;
				CLANG_ENABLE_OBJC_WEAK = YES;
				CLANG_WARN_BLOCK_CAPTURE_AUTORELEASING = YES;
				CLANG_WARN_BOOL_CONVERSION = YES;
				CLANG_WARN_COMMA = YES;
				CLANG_WARN_CONSTANT_CONVERSION = YES;
				CLANG_WARN_DEPRECATED_OBJC_IMPLEMENTATIONS = YES;
				CLANG_WARN_DIRECT_OBJC_ISA_USAGE = YES_ERROR;
				CLANG_WARN_DOCUMENTATION_COMMENTS = YES;
				CLANG_WARN_EMPTY_BODY = YES;
				CLANG_WARN_ENUM_CONVERSION = YES;
				CLANG_WARN_INFINITE_RECURSION = YES;
				CLANG_WARN_INT_CONVERSION = YES;
				CLANG_WARN_NON_LITERAL_NULL_CONVERSION = YES;
				CLANG_WARN_OBJC_IMPLICIT_RETAIN_SELF = YES;
				CLANG_WARN_OBJC_LITERAL_CONVERSION = YES;
				CLANG_WARN_OBJC_ROOT_CLASS = YES_ERROR;
				CLANG_WARN_QUOTED_INCLUDE_IN_FRAMEWORK_HEADER = YES;
				CLANG_WARN_RANGE_LOOP_ANALYSIS = YES;
				CLANG_WARN_STRICT_PROTOTYPES = YES;
				CLANG_WARN_SUSPICIOUS_MOVE = YES;
				CLANG_WARN_UNGUARDED_AVAILABILITY = YES_AGGRESSIVE;
				CLANG_WARN_UNREACHABLE_CODE = YES;
				CLANG_WARN__DUPLICATE_METHOD_MATCH = YES;
				COPY_PHASE_STRIP = NO;
				DEBUG_INFORMATION_FORMAT = dwarf;
				ENABLE_STRICT_OBJC_MSGSEND = YES;
				ENABLE_TESTABILITY = YES;
				GCC_C_LANGUAGE_STANDARD = gnu11;
				GCC_DYNAMIC_NO_PIC = NO;
				GCC_NO_COMMON_BLOCKS = YES;
				GCC_OPTIMIZATION_LEVEL = 0;
				GCC_PREPROCESSOR_DEFINITIONS = (
					"DEBUG=1",
					"$(inherited)",
				);
				GCC_WARN_64_TO_32_BIT_CONVERSION = YES;
				GCC_WARN_ABOUT_RETURN_TYPE = YES_ERROR;
				GCC_WARN_UNDECLARED_SELECTOR = YES;
				GCC_WARN_UNINITIALIZED_AUTOS = YES_AGGRESSIVE;
				GCC_WARN_UNUSED_FUNCTION = YES;
				GCC_WARN_UNUSED_VARIABLE = YES;
				IPHONEOS_DEPLOYMENT_TARGET = 15.0;
				MACOSX_DEPLOYMENT_TARGET = 12.0;
				MTL_ENABLE_DEBUG_INFO = INCLUDE_SOURCE;
				MTL_FAST_MATH = YES;
				ONLY_ACTIVE_ARCH = YES;
				SDKROOT = macosx;
				SWIFT_ACTIVE_COMPILATION_CONDITIONS = DEBUG;
				SWIFT_OPTIMIZATION_LEVEL = "-Onone";
			};
			name = Debug;
		};
		905DA925247C16A500B9DA71 /* Release */ = {
			isa = XCBuildConfiguration;
			buildSettings = {
				ALWAYS_SEARCH_USER_PATHS = NO;
				CLANG_ANALYZER_NONNULL = YES;
				CLANG_ANALYZER_NUMBER_OBJECT_CONVERSION = YES_AGGRESSIVE;
				CLANG_CXX_LANGUAGE_STANDARD = "gnu++14";
				CLANG_CXX_LIBRARY = "libc++";
				CLANG_ENABLE_MODULES = YES;
				CLANG_ENABLE_OBJC_ARC = YES;
				CLANG_ENABLE_OBJC_WEAK = YES;
				CLANG_WARN_BLOCK_CAPTURE_AUTORELEASING = YES;
				CLANG_WARN_BOOL_CONVERSION = YES;
				CLANG_WARN_COMMA = YES;
				CLANG_WARN_CONSTANT_CONVERSION = YES;
				CLANG_WARN_DEPRECATED_OBJC_IMPLEMENTATIONS = YES;
				CLANG_WARN_DIRECT_OBJC_ISA_USAGE = YES_ERROR;
				CLANG_WARN_DOCUMENTATION_COMMENTS = YES;
				CLANG_WARN_EMPTY_BODY = YES;
				CLANG_WARN_ENUM_CONVERSION = YES;
				CLANG_WARN_INFINITE_RECURSION = YES;
				CLANG_WARN_INT_CONVERSION = YES;
				CLANG_WARN_NON_LITERAL_NULL_CONVERSION = YES;
				CLANG_WARN_OBJC_IMPLICIT_RETAIN_SELF = YES;
				CLANG_WARN_OBJC_LITERAL_CONVERSION = YES;
				CLANG_WARN_OBJC_ROOT_CLASS = YES_ERROR;
				CLANG_WARN_QUOTED_INCLUDE_IN_FRAMEWORK_HEADER = YES;
				CLANG_WARN_RANGE_LOOP_ANALYSIS = YES;
				CLANG_WARN_STRICT_PROTOTYPES = YES;
				CLANG_WARN_SUSPICIOUS_MOVE = YES;
				CLANG_WARN_UNGUARDED_AVAILABILITY = YES_AGGRESSIVE;
				CLANG_WARN_UNREACHABLE_CODE = YES;
				CLANG_WARN__DUPLICATE_METHOD_MATCH = YES;
				COPY_PHASE_STRIP = NO;
				DEBUG_INFORMATION_FORMAT = "dwarf-with-dsym";
				ENABLE_NS_ASSERTIONS = NO;
				ENABLE_STRICT_OBJC_MSGSEND = YES;
				GCC_C_LANGUAGE_STANDARD = gnu11;
				GCC_NO_COMMON_BLOCKS = YES;
				GCC_WARN_64_TO_32_BIT_CONVERSION = YES;
				GCC_WARN_ABOUT_RETURN_TYPE = YES_ERROR;
				GCC_WARN_UNDECLARED_SELECTOR = YES;
				GCC_WARN_UNINITIALIZED_AUTOS = YES_AGGRESSIVE;
				GCC_WARN_UNUSED_FUNCTION = YES;
				GCC_WARN_UNUSED_VARIABLE = YES;
				IPHONEOS_DEPLOYMENT_TARGET = 15.0;
				MACOSX_DEPLOYMENT_TARGET = 12.0;
				MTL_ENABLE_DEBUG_INFO = NO;
				MTL_FAST_MATH = YES;
				SDKROOT = macosx;
				SWIFT_COMPILATION_MODE = wholemodule;
				SWIFT_OPTIMIZATION_LEVEL = "-O";
			};
			name = Release;
		};
		905DA927247C16A500B9DA71 /* Debug */ = {
			isa = XCBuildConfiguration;
			buildSettings = {
				ASSETCATALOG_COMPILER_APPICON_NAME = AppIcon;
				CODE_SIGN_ENTITLEMENTS = MandelbrotExplorer/MandelbrotExplorer.entitlements;
				CODE_SIGN_IDENTITY = "Apple Development";
				CODE_SIGN_STYLE = Automatic;
				COMBINE_HIDPI_IMAGES = YES;
				DEVELOPMENT_TEAM = RWVTTVMWBE;
				ENABLE_HARDENED_RUNTIME = YES;
				INFOPLIST_FILE = MandelbrotExplorer/Info.plist;
				LD_RUNPATH_SEARCH_PATHS = (
					"$(inherited)",
					"@executable_path/../Frameworks",
				);
				MARKETING_VERSION = 0.1;
				PRODUCT_BUNDLE_IDENTIFIER = com.resonance.MandelbrotExplorer;
				PRODUCT_NAME = "$(TARGET_NAME)";
				SWIFT_VERSION = 5.0;
			};
			name = Debug;
		};
		905DA928247C16A500B9DA71 /* Release */ = {
			isa = XCBuildConfiguration;
			buildSettings = {
				ASSETCATALOG_COMPILER_APPICON_NAME = AppIcon;
				CODE_SIGN_ENTITLEMENTS = MandelbrotExplorer/MandelbrotExplorer.entitlements;
				CODE_SIGN_IDENTITY = "Apple Development";
				CODE_SIGN_STYLE = Automatic;
				COMBINE_HIDPI_IMAGES = YES;
				DEVELOPMENT_TEAM = RWVTTVMWBE;
				ENABLE_HARDENED_RUNTIME = YES;
				INFOPLIST_FILE = MandelbrotExplorer/Info.plist;
				LD_RUNPATH_SEARCH_PATHS = (
					"$(inherited)",
					"@executable_path/../Frameworks",
				);
				MARKETING_VERSION = 0.1;
				PRODUCT_BUNDLE_IDENTIFIER = com.resonance.MandelbrotExplorer;
				PRODUCT_NAME = "$(TARGET_NAME)";
				SWIFT_VERSION = 5.0;
			};
			name = Release;
		};
		905DA92A247C16A500B9DA71 /* Debug */ = {
			isa = XCBuildConfiguration;
			buildSettings = {
				ALWAYS_EMBED_SWIFT_STANDARD_LIBRARIES = YES;
				BUNDLE_LOADER = "$(TEST_HOST)";
				CODE_SIGN_IDENTITY = "Apple Development";
				CODE_SIGN_STYLE = Automatic;
				COMBINE_HIDPI_IMAGES = YES;
				DEVELOPMENT_TEAM = RWVTTVMWBE;
				INFOPLIST_FILE = MandelbrotExplorerTests/Info.plist;
				LD_RUNPATH_SEARCH_PATHS = (
					"$(inherited)",
					"@executable_path/../Frameworks",
					"@loader_path/../Frameworks",
				);
				MACOSX_DEPLOYMENT_TARGET = 10.15;
				PRODUCT_BUNDLE_IDENTIFIER = com.resonance.MandelbrotExplorerTests;
				PRODUCT_NAME = "$(TARGET_NAME)";
				SWIFT_VERSION = 5.0;
				TEST_HOST = "$(BUILT_PRODUCTS_DIR)/MandelbrotExplorer.app/Contents/MacOS/MandelbrotExplorer";
			};
			name = Debug;
		};
		905DA92B247C16A500B9DA71 /* Release */ = {
			isa = XCBuildConfiguration;
			buildSettings = {
				ALWAYS_EMBED_SWIFT_STANDARD_LIBRARIES = YES;
				BUNDLE_LOADER = "$(TEST_HOST)";
				CODE_SIGN_IDENTITY = "Apple Development";
				CODE_SIGN_STYLE = Automatic;
				COMBINE_HIDPI_IMAGES = YES;
				DEVELOPMENT_TEAM = RWVTTVMWBE;
				INFOPLIST_FILE = MandelbrotExplorerTests/Info.plist;
				LD_RUNPATH_SEARCH_PATHS = (
					"$(inherited)",
					"@executable_path/../Frameworks",
					"@loader_path/../Frameworks",
				);
				MACOSX_DEPLOYMENT_TARGET = 10.15;
				PRODUCT_BUNDLE_IDENTIFIER = com.resonance.MandelbrotExplorerTests;
				PRODUCT_NAME = "$(TARGET_NAME)";
				SWIFT_VERSION = 5.0;
				TEST_HOST = "$(BUILT_PRODUCTS_DIR)/MandelbrotExplorer.app/Contents/MacOS/MandelbrotExplorer";
			};
			name = Release;
		};
		905DA92D247C16A500B9DA71 /* Debug */ = {
			isa = XCBuildConfiguration;
			buildSettings = {
				ALWAYS_EMBED_SWIFT_STANDARD_LIBRARIES = YES;
				CODE_SIGN_STYLE = Automatic;
				COMBINE_HIDPI_IMAGES = YES;
				DEVELOPMENT_TEAM = RWVTTVMWBE;
				INFOPLIST_FILE = MandelbrotExplorerUITests/Info.plist;
				LD_RUNPATH_SEARCH_PATHS = (
					"$(inherited)",
					"@executable_path/../Frameworks",
					"@loader_path/../Frameworks",
				);
				PRODUCT_BUNDLE_IDENTIFIER = com.resonance.MandelbrotExplorerUITests;
				PRODUCT_NAME = "$(TARGET_NAME)";
				SWIFT_VERSION = 5.0;
				TEST_TARGET_NAME = MandelbrotExplorer;
			};
			name = Debug;
		};
		905DA92E247C16A500B9DA71 /* Release */ = {
			isa = XCBuildConfiguration;
			buildSettings = {
				ALWAYS_EMBED_SWIFT_STANDARD_LIBRARIES = YES;
				CODE_SIGN_STYLE = Automatic;
				COMBINE_HIDPI_IMAGES = YES;
				DEVELOPMENT_TEAM = RWVTTVMWBE;
				INFOPLIST_FILE = MandelbrotExplorerUITests/Info.plist;
				LD_RUNPATH_SEARCH_PATHS = (
					"$(inherited)",
					"@executable_path/../Frameworks",
					"@loader_path/../Frameworks",
				);
				PRODUCT_BUNDLE_IDENTIFIER = com.resonance.MandelbrotExplorerUITests;
				PRODUCT_NAME = "$(TARGET_NAME)";
				SWIFT_VERSION = 5.0;
				TEST_TARGET_NAME = MandelbrotExplorer;
			};
			name = Release;
		};
		908C7BD9252A74D4003D803B /* Debug */ = {
			isa = XCBuildConfiguration;
			buildSettings = {
				ASSETCATALOG_COMPILER_APPICON_NAME = AppIcon;
				ASSETCATALOG_COMPILER_GLOBAL_ACCENT_COLOR_NAME = AccentColor;
				CLANG_WARN_QUOTED_INCLUDE_IN_FRAMEWORK_HEADER = YES;
				CODE_SIGN_ENTITLEMENTS = "MandelbrotExplorer iPad/MandelbrotExplorer iPad.entitlements";
				CODE_SIGN_STYLE = Automatic;
				CURRENT_PROJECT_VERSION = 10;
				DEVELOPMENT_TEAM = U8VSJXRJTQ;
				INFOPLIST_FILE = "MandelbrotExplorer iPad/Info.plist";
				IPHONEOS_DEPLOYMENT_TARGET = 15.0;
				LD_RUNPATH_SEARCH_PATHS = (
					"$(inherited)",
					"@executable_path/Frameworks",
				);
				PRODUCT_BUNDLE_IDENTIFIER = com.resonance.jaeseunglee;
				PRODUCT_NAME = "$(TARGET_NAME)";
				SDKROOT = iphoneos;
				SUPPORTS_MACCATALYST = YES;
				SWIFT_VERSION = 5.0;
				TARGETED_DEVICE_FAMILY = 2;
			};
			name = Debug;
		};
		908C7BDA252A74D4003D803B /* Release */ = {
			isa = XCBuildConfiguration;
			buildSettings = {
				ASSETCATALOG_COMPILER_APPICON_NAME = AppIcon;
				ASSETCATALOG_COMPILER_GLOBAL_ACCENT_COLOR_NAME = AccentColor;
				CLANG_WARN_QUOTED_INCLUDE_IN_FRAMEWORK_HEADER = YES;
				CODE_SIGN_ENTITLEMENTS = "MandelbrotExplorer iPad/MandelbrotExplorer iPad.entitlements";
				CODE_SIGN_STYLE = Automatic;
				CURRENT_PROJECT_VERSION = 10;
				DEVELOPMENT_TEAM = U8VSJXRJTQ;
				INFOPLIST_FILE = "MandelbrotExplorer iPad/Info.plist";
				IPHONEOS_DEPLOYMENT_TARGET = 15.0;
				LD_RUNPATH_SEARCH_PATHS = (
					"$(inherited)",
					"@executable_path/Frameworks",
				);
				PRODUCT_BUNDLE_IDENTIFIER = com.resonance.jaeseunglee;
				PRODUCT_NAME = "$(TARGET_NAME)";
				SDKROOT = iphoneos;
				SUPPORTS_MACCATALYST = YES;
				SWIFT_VERSION = 5.0;
				TARGETED_DEVICE_FAMILY = 2;
				VALIDATE_PRODUCT = YES;
			};
			name = Release;
		};
/* End XCBuildConfiguration section */

/* Begin XCConfigurationList section */
		905DA8FB247C16A300B9DA71 /* Build configuration list for PBXProject "MandelbrotExplorer" */ = {
			isa = XCConfigurationList;
			buildConfigurations = (
				905DA924247C16A500B9DA71 /* Debug */,
				905DA925247C16A500B9DA71 /* Release */,
			);
			defaultConfigurationIsVisible = 0;
			defaultConfigurationName = Release;
		};
		905DA926247C16A500B9DA71 /* Build configuration list for PBXNativeTarget "MandelbrotExplorer" */ = {
			isa = XCConfigurationList;
			buildConfigurations = (
				905DA927247C16A500B9DA71 /* Debug */,
				905DA928247C16A500B9DA71 /* Release */,
			);
			defaultConfigurationIsVisible = 0;
			defaultConfigurationName = Release;
		};
		905DA929247C16A500B9DA71 /* Build configuration list for PBXNativeTarget "MandelbrotExplorerTests" */ = {
			isa = XCConfigurationList;
			buildConfigurations = (
				905DA92A247C16A500B9DA71 /* Debug */,
				905DA92B247C16A500B9DA71 /* Release */,
			);
			defaultConfigurationIsVisible = 0;
			defaultConfigurationName = Release;
		};
		905DA92C247C16A500B9DA71 /* Build configuration list for PBXNativeTarget "MandelbrotExplorerUITests" */ = {
			isa = XCConfigurationList;
			buildConfigurations = (
				905DA92D247C16A500B9DA71 /* Debug */,
				905DA92E247C16A500B9DA71 /* Release */,
			);
			defaultConfigurationIsVisible = 0;
			defaultConfigurationName = Release;
		};
		908C7BD8252A74D4003D803B /* Build configuration list for PBXNativeTarget "MandelbrotExplorer iPad" */ = {
			isa = XCConfigurationList;
			buildConfigurations = (
				908C7BD9252A74D4003D803B /* Debug */,
				908C7BDA252A74D4003D803B /* Release */,
			);
			defaultConfigurationIsVisible = 0;
			defaultConfigurationName = Release;
		};
/* End XCConfigurationList section */

/* Begin XCRemoteSwiftPackageReference section */
		90898F67252BE55C0084ACB4 /* XCRemoteSwiftPackageReference "swift-numerics" */ = {
			isa = XCRemoteSwiftPackageReference;
			repositoryURL = "https://github.com/apple/swift-numerics";
			requirement = {
				kind = upToNextMajorVersion;
				minimumVersion = 0.0.5;
			};
		};
		908C0B2028BBFF2A004A8BDF /* XCRemoteSwiftPackageReference "PersistenceSwift" */ = {
			isa = XCRemoteSwiftPackageReference;
			repositoryURL = "https://github.com/jaeseung16/PersistenceSwift";
			requirement = {
				kind = upToNextMajorVersion;
				minimumVersion = 0.1.3;
			};
		};
		909217AF255845100058596D /* XCRemoteSwiftPackageReference "Swifter" */ = {
			isa = XCRemoteSwiftPackageReference;
			repositoryURL = "https://github.com/mattdonnelly/Swifter";
			requirement = {
				kind = upToNextMajorVersion;
				minimumVersion = 2.4.0;
			};
		};
/* End XCRemoteSwiftPackageReference section */

/* Begin XCSwiftPackageProductDependency section */
		90898F68252BE55C0084ACB4 /* ComplexModule */ = {
			isa = XCSwiftPackageProductDependency;
			package = 90898F67252BE55C0084ACB4 /* XCRemoteSwiftPackageReference "swift-numerics" */;
			productName = ComplexModule;
		};
		90898F6F252BE56C0084ACB4 /* ComplexModule */ = {
			isa = XCSwiftPackageProductDependency;
			package = 90898F67252BE55C0084ACB4 /* XCRemoteSwiftPackageReference "swift-numerics" */;
			productName = ComplexModule;
		};
		908C0B2128BBFF2A004A8BDF /* Persistence */ = {
			isa = XCSwiftPackageProductDependency;
			package = 908C0B2028BBFF2A004A8BDF /* XCRemoteSwiftPackageReference "PersistenceSwift" */;
			productName = Persistence;
		};
		908C0B2328BBFF7A004A8BDF /* Persistence */ = {
			isa = XCSwiftPackageProductDependency;
			package = 908C0B2028BBFF2A004A8BDF /* XCRemoteSwiftPackageReference "PersistenceSwift" */;
			productName = Persistence;
		};
/* End XCSwiftPackageProductDependency section */

/* Begin XCVersionGroup section */
		908C7BCF252A74D2003D803B /* MandelbrotExplorer_iPad.xcdatamodeld */ = {
			isa = XCVersionGroup;
			children = (
				908C7BD0252A74D2003D803B /* MandelbrotExplorer_iPad.xcdatamodel */,
			);
			currentVersion = 908C7BD0252A74D2003D803B /* MandelbrotExplorer_iPad.xcdatamodel */;
			path = MandelbrotExplorer_iPad.xcdatamodeld;
			sourceTree = "<group>";
			versionGroupType = wrapper.xcdatamodel;
		};
/* End XCVersionGroup section */
	};
	rootObject = 905DA8F8247C16A300B9DA71 /* Project object */;
}
